
Microsoft Visual Studio Solution File, Format Version 12.00
# Visual Studio Version 16
VisualStudioVersion = 16.0.32510.428
MinimumVisualStudioVersion = 10.0.40219.1
Project("{9A19103F-16F7-4668-BE54-9A1E7A4F7556}") = "RestWithASP-Net5Udemy", "00_RestWithASP-Net5Udemy_ScaffoldViaTerm\RestWithASP-Net5Udemy.csproj", "{75BBA391-CBF7-43F0-8C7D-B03C1942B79E}"
EndProject
Project("{9A19103F-16F7-4668-BE54-9A1E7A4F7556}") = "RestWithASPNet5Udemy", "01_RestWithASP-Net5Udemy_ScaffoldViaVisualStudio\RestWithASPNet5Udemy\RestWithASPNet5Udemy\RestWithASPNet5Udemy.csproj", "{63C6BCEB-2137-48C4-BBD4-E1BD4CC80197}"
EndProject
Project("{9A19103F-16F7-4668-BE54-9A1E7A4F7556}") = "RestWithASPNet5Udemy1", "RestWithASPNet5Udemy1\RestWithASPNet5Udemy1.csproj", "{CB316FF0-F0DD-4356-9841-778C56B9F180}"
EndProject
Project("{9A19103F-16F7-4668-BE54-9A1E7A4F7556}") = "RestWithASPNet5Udemy_Calculadora", "02_RestWithASP-Net5Udemy_Calculadora\RestWithASPNet5Udemy\RestWithASPNet5Udemy\RestWithASPNet5Udemy_Calculadora.csproj", "{7F6E45A4-9FBE-4711-85BE-05753113D020}"
EndProject
Global
	GlobalSection(SolutionConfigurationPlatforms) = preSolution
		Debug|Any CPU = Debug|Any CPU
		Release|Any CPU = Release|Any CPU
	EndGlobalSection
	GlobalSection(ProjectConfigurationPlatforms) = postSolution
		{75BBA391-CBF7-43F0-8C7D-B03C1942B79E}.Debug|Any CPU.ActiveCfg = Debug|Any CPU
		{75BBA391-CBF7-43F0-8C7D-B03C1942B79E}.Debug|Any CPU.Build.0 = Debug|Any CPU
		{75BBA391-CBF7-43F0-8C7D-B03C1942B79E}.Release|Any CPU.ActiveCfg = Release|Any CPU
		{75BBA391-CBF7-43F0-8C7D-B03C1942B79E}.Release|Any CPU.Build.0 = Release|Any CPU
		{63C6BCEB-2137-48C4-BBD4-E1BD4CC80197}.Debug|Any CPU.ActiveCfg = Debug|Any CPU
		{63C6BCEB-2137-48C4-BBD4-E1BD4CC80197}.Debug|Any CPU.Build.0 = Debug|Any CPU
		{63C6BCEB-2137-48C4-BBD4-E1BD4CC80197}.Release|Any CPU.ActiveCfg = Release|Any CPU
		{63C6BCEB-2137-48C4-BBD4-E1BD4CC80197}.Release|Any CPU.Build.0 = Release|Any CPU
		{CB316FF0-F0DD-4356-9841-778C56B9F180}.Debug|Any CPU.ActiveCfg = Debug|Any CPU
		{CB316FF0-F0DD-4356-9841-778C56B9F180}.Debug|Any CPU.Build.0 = Debug|Any CPU
		{CB316FF0-F0DD-4356-9841-778C56B9F180}.Release|Any CPU.ActiveCfg = Release|Any CPU
		{CB316FF0-F0DD-4356-9841-778C56B9F180}.Release|Any CPU.Build.0 = Release|Any CPU
		{7F6E45A4-9FBE-4711-85BE-05753113D020}.Debug|Any CPU.ActiveCfg = Debug|Any CPU
		{7F6E45A4-9FBE-4711-85BE-05753113D020}.Debug|Any CPU.Build.0 = Debug|Any CPU
		{7F6E45A4-9FBE-4711-85BE-05753113D020}.Release|Any CPU.ActiveCfg = Release|Any CPU
		{7F6E45A4-9FBE-4711-85BE-05753113D020}.Release|Any CPU.Build.0 = Release|Any CPU
	EndGlobalSection
	GlobalSection(SolutionProperties) = preSolution
		HideSolutionNode = FALSE
	EndGlobalSection
	GlobalSection(ExtensibilityGlobals) = postSolution
		SolutionGuid = {5E6D6366-EE43-45F8-979D-F80C00188D08}
	EndGlobalSection
EndGlobal
